// !$*UTF8*$!
{
	archiveVersion = 1;
	classes = {
	};
	objectVersion = 50;
	objects = {

/* Begin PBXBuildFile section */
		182D97C42240651600A8CC8C /* AppDelegate.swift in Sources */ = {isa = PBXBuildFile; fileRef = 182D97C32240651500A8CC8C /* AppDelegate.swift */; };
		182D97C62240651600A8CC8C /* ShowsListViewController.swift in Sources */ = {isa = PBXBuildFile; fileRef = 182D97C52240651600A8CC8C /* ShowsListViewController.swift */; };
		182D97C82240651600A8CC8C /* FavouriteShowsListViewController.swift in Sources */ = {isa = PBXBuildFile; fileRef = 182D97C72240651600A8CC8C /* FavouriteShowsListViewController.swift */; };
		182D97CB2240651600A8CC8C /* Main.storyboard in Resources */ = {isa = PBXBuildFile; fileRef = 182D97C92240651600A8CC8C /* Main.storyboard */; };
		182D97CD2240651800A8CC8C /* Assets.xcassets in Resources */ = {isa = PBXBuildFile; fileRef = 182D97CC2240651800A8CC8C /* Assets.xcassets */; };
		182D97D02240651800A8CC8C /* LaunchScreen.storyboard in Resources */ = {isa = PBXBuildFile; fileRef = 182D97CE2240651800A8CC8C /* LaunchScreen.storyboard */; };
		183100DD2241A50C00C714FE /* NetworkService.swift in Sources */ = {isa = PBXBuildFile; fileRef = 183100DC2241A50C00C714FE /* NetworkService.swift */; };
		18CB62A522468463009EB01E /* ShowsDataModelMap.swift in Sources */ = {isa = PBXBuildFile; fileRef = 18CB62A422468463009EB01E /* ShowsDataModelMap.swift */; };
		18CB62A72247DF58009EB01E /* SS_Icon.png in Resources */ = {isa = PBXBuildFile; fileRef = 18CB62A62247DF58009EB01E /* SS_Icon.png */; };
		18CB62A92247E40A009EB01E /* ShowDetailsViewController.swift in Sources */ = {isa = PBXBuildFile; fileRef = 18CB62A82247E40A009EB01E /* ShowDetailsViewController.swift */; };
		18CB62CD22480C9A009EB01E /* iOSChallange.xcdatamodeld in Sources */ = {isa = PBXBuildFile; fileRef = 18CB62CB22480C9A009EB01E /* iOSChallange.xcdatamodeld */; };
		18CB62E222493490009EB01E /* CoreDataManager.swift in Sources */ = {isa = PBXBuildFile; fileRef = 18CB62E122493490009EB01E /* CoreDataManager.swift */; };
		18CB62E422494896009EB01E /* ShowListObject.swift in Sources */ = {isa = PBXBuildFile; fileRef = 18CB62E322494895009EB01E /* ShowListObject.swift */; };
		18CB62EA224978C1009EB01E /* ViewController+Extension.swift in Sources */ = {isa = PBXBuildFile; fileRef = 18CB62E9224978C1009EB01E /* ViewController+Extension.swift */; };
		18CB630E2249C5B7009EB01E /* AppConstants.swift in Sources */ = {isa = PBXBuildFile; fileRef = 18CB630D2249C5B7009EB01E /* AppConstants.swift */; };
		18CB6316224A77F6009EB01E /* DataOperationsFromLocalDB.swift in Sources */ = {isa = PBXBuildFile; fileRef = 18CB6315224A77F6009EB01E /* DataOperationsFromLocalDB.swift */; };
		18CB631D224A8808009EB01E /* ShowDetailTableViewCell.swift in Sources */ = {isa = PBXBuildFile; fileRef = 18CB631B224A8808009EB01E /* ShowDetailTableViewCell.swift */; };
		18CB631E224A8808009EB01E /* ShowDetailTableViewCell.xib in Resources */ = {isa = PBXBuildFile; fileRef = 18CB631C224A8808009EB01E /* ShowDetailTableViewCell.xib */; };
		18CB6320224A95C1009EB01E /* ReadMe.rtf in Resources */ = {isa = PBXBuildFile; fileRef = 18CB631F224A95C1009EB01E /* ReadMe.rtf */; };
		18F270F0224C1B0400EDB197 /* UiImageView+ImageCaching.swift in Sources */ = {isa = PBXBuildFile; fileRef = 18F270EF224C1B0400EDB197 /* UiImageView+ImageCaching.swift */; };
/* End PBXBuildFile section */

/* Begin PBXFileReference section */
		182D97C02240651500A8CC8C /* iOSChallange.app */ = {isa = PBXFileReference; explicitFileType = wrapper.application; includeInIndex = 0; path = iOSChallange.app; sourceTree = BUILT_PRODUCTS_DIR; };
		182D97C32240651500A8CC8C /* AppDelegate.swift */ = {isa = PBXFileReference; lastKnownFileType = sourcecode.swift; path = AppDelegate.swift; sourceTree = "<group>"; };
		182D97C52240651600A8CC8C /* ShowsListViewController.swift */ = {isa = PBXFileReference; lastKnownFileType = sourcecode.swift; path = ShowsListViewController.swift; sourceTree = "<group>"; };
		182D97C72240651600A8CC8C /* FavouriteShowsListViewController.swift */ = {isa = PBXFileReference; lastKnownFileType = sourcecode.swift; path = FavouriteShowsListViewController.swift; sourceTree = "<group>"; };
		182D97CA2240651600A8CC8C /* Base */ = {isa = PBXFileReference; lastKnownFileType = file.storyboard; name = Base; path = Base.lproj/Main.storyboard; sourceTree = "<group>"; };
		182D97CC2240651800A8CC8C /* Assets.xcassets */ = {isa = PBXFileReference; lastKnownFileType = folder.assetcatalog; path = Assets.xcassets; sourceTree = "<group>"; };
		182D97CF2240651800A8CC8C /* Base */ = {isa = PBXFileReference; lastKnownFileType = file.storyboard; name = Base; path = Base.lproj/LaunchScreen.storyboard; sourceTree = "<group>"; };
		182D97D12240651800A8CC8C /* Info.plist */ = {isa = PBXFileReference; lastKnownFileType = text.plist.xml; path = Info.plist; sourceTree = "<group>"; };
		183100DC2241A50C00C714FE /* NetworkService.swift */ = {isa = PBXFileReference; fileEncoding = 4; lastKnownFileType = sourcecode.swift; path = NetworkService.swift; sourceTree = "<group>"; };
		18CB62A422468463009EB01E /* ShowsDataModelMap.swift */ = {isa = PBXFileReference; lastKnownFileType = sourcecode.swift; path = ShowsDataModelMap.swift; sourceTree = "<group>"; };
		18CB62A62247DF58009EB01E /* SS_Icon.png */ = {isa = PBXFileReference; lastKnownFileType = image.png; path = SS_Icon.png; sourceTree = "<group>"; };
		18CB62A82247E40A009EB01E /* ShowDetailsViewController.swift */ = {isa = PBXFileReference; lastKnownFileType = sourcecode.swift; path = ShowDetailsViewController.swift; sourceTree = "<group>"; };
		18CB62CC22480C9A009EB01E /* iOSChallange.xcdatamodel */ = {isa = PBXFileReference; lastKnownFileType = wrapper.xcdatamodel; path = iOSChallange.xcdatamodel; sourceTree = "<group>"; };
		18CB62E122493490009EB01E /* CoreDataManager.swift */ = {isa = PBXFileReference; lastKnownFileType = sourcecode.swift; path = CoreDataManager.swift; sourceTree = "<group>"; };
		18CB62E322494895009EB01E /* ShowListObject.swift */ = {isa = PBXFileReference; lastKnownFileType = sourcecode.swift; path = ShowListObject.swift; sourceTree = "<group>"; };
		18CB62E9224978C1009EB01E /* ViewController+Extension.swift */ = {isa = PBXFileReference; lastKnownFileType = sourcecode.swift; path = "ViewController+Extension.swift"; sourceTree = "<group>"; };
		18CB630D2249C5B7009EB01E /* AppConstants.swift */ = {isa = PBXFileReference; lastKnownFileType = sourcecode.swift; path = AppConstants.swift; sourceTree = "<group>"; };
		18CB6315224A77F6009EB01E /* DataOperationsFromLocalDB.swift */ = {isa = PBXFileReference; fileEncoding = 4; lastKnownFileType = sourcecode.swift; path = DataOperationsFromLocalDB.swift; sourceTree = "<group>"; };
		18CB631B224A8808009EB01E /* ShowDetailTableViewCell.swift */ = {isa = PBXFileReference; lastKnownFileType = sourcecode.swift; path = ShowDetailTableViewCell.swift; sourceTree = "<group>"; };
		18CB631C224A8808009EB01E /* ShowDetailTableViewCell.xib */ = {isa = PBXFileReference; lastKnownFileType = file.xib; path = ShowDetailTableViewCell.xib; sourceTree = "<group>"; };
		18CB631F224A95C1009EB01E /* ReadMe.rtf */ = {isa = PBXFileReference; lastKnownFileType = text.rtf; path = ReadMe.rtf; sourceTree = "<group>"; };
		18F270EF224C1B0400EDB197 /* UiImageView+ImageCaching.swift */ = {isa = PBXFileReference; lastKnownFileType = sourcecode.swift; path = "UiImageView+ImageCaching.swift"; sourceTree = "<group>"; };
/* End PBXFileReference section */

/* Begin PBXFrameworksBuildPhase section */
		182D97BD2240651500A8CC8C /* Frameworks */ = {
			isa = PBXFrameworksBuildPhase;
			buildActionMask = 2147483647;
			files = (
			);
			runOnlyForDeploymentPostprocessing = 0;
		};
/* End PBXFrameworksBuildPhase section */

/* Begin PBXGroup section */
		182D97B72240651500A8CC8C = {
			isa = PBXGroup;
			children = (
				182D97C22240651500A8CC8C /* iOSChallange */,
				182D97C12240651500A8CC8C /* Products */,
			);
			sourceTree = "<group>";
		};
		182D97C12240651500A8CC8C /* Products */ = {
			isa = PBXGroup;
			children = (
				182D97C02240651500A8CC8C /* iOSChallange.app */,
			);
			name = Products;
			sourceTree = "<group>";
		};
		182D97C22240651500A8CC8C /* iOSChallange */ = {
			isa = PBXGroup;
			children = (
				183100D92241A3CD00C714FE /* Network */,
				183100D82241A35B00C714FE /* Global */,
				183100D72241A34D00C714FE /* Model */,
				18CB63102249C775009EB01E /* BusinessLogic */,
				183100D62241A32A00C714FE /* View */,
				183100D42241A1F300C714FE /* Router */,
				18CB630F2249C654009EB01E /* Controller */,
				182D97CC2240651800A8CC8C /* Assets.xcassets */,
				182D97CE2240651800A8CC8C /* LaunchScreen.storyboard */,
				182D97D12240651800A8CC8C /* Info.plist */,
				18CB631F224A95C1009EB01E /* ReadMe.rtf */,
			);
			path = iOSChallange;
			sourceTree = "<group>";
		};
		183100D42241A1F300C714FE /* Router */ = {
			isa = PBXGroup;
			children = (
				182D97C32240651500A8CC8C /* AppDelegate.swift */,
			);
			path = Router;
			sourceTree = "<group>";
		};
		183100D62241A32A00C714FE /* View */ = {
			isa = PBXGroup;
			children = (
				182D97C92240651600A8CC8C /* Main.storyboard */,
				18CB631B224A8808009EB01E /* ShowDetailTableViewCell.swift */,
				18CB631C224A8808009EB01E /* ShowDetailTableViewCell.xib */,
			);
			path = View;
			sourceTree = "<group>";
		};
		183100D72241A34D00C714FE /* Model */ = {
			isa = PBXGroup;
			children = (
				18CB62CB22480C9A009EB01E /* iOSChallange.xcdatamodeld */,
				18CB62A422468463009EB01E /* ShowsDataModelMap.swift */,
				18CB62E122493490009EB01E /* CoreDataManager.swift */,
			);
			path = Model;
			sourceTree = "<group>";
		};
		183100D82241A35B00C714FE /* Global */ = {
			isa = PBXGroup;
			children = (
				18F270F1224C216400EDB197 /* Extensions */,
				18CB62A62247DF58009EB01E /* SS_Icon.png */,
				18CB630D2249C5B7009EB01E /* AppConstants.swift */,
			);
			path = Global;
			sourceTree = "<group>";
		};
		183100D92241A3CD00C714FE /* Network */ = {
			isa = PBXGroup;
			children = (
				183100DC2241A50C00C714FE /* NetworkService.swift */,
			);
			path = Network;
			sourceTree = "<group>";
		};
		18CB630F2249C654009EB01E /* Controller */ = {
			isa = PBXGroup;
			children = (
				182D97C52240651600A8CC8C /* ShowsListViewController.swift */,
				18CB62A82247E40A009EB01E /* ShowDetailsViewController.swift */,
				182D97C72240651600A8CC8C /* FavouriteShowsListViewController.swift */,
			);
			path = Controller;
			sourceTree = "<group>";
		};
		18CB63102249C775009EB01E /* BusinessLogic */ = {
			isa = PBXGroup;
			children = (
				18CB62E322494895009EB01E /* ShowListObject.swift */,
				18CB6315224A77F6009EB01E /* DataOperationsFromLocalDB.swift */,
			);
			path = BusinessLogic;
			sourceTree = "<group>";
		};
		18F270F1224C216400EDB197 /* Extensions */ = {
			isa = PBXGroup;
			children = (
				18F270EF224C1B0400EDB197 /* UiImageView+ImageCaching.swift */,
				18CB62E9224978C1009EB01E /* ViewController+Extension.swift */,
			);
			path = Extensions;
			sourceTree = "<group>";
		};
/* End PBXGroup section */

/* Begin PBXNativeTarget section */
		182D97BF2240651500A8CC8C /* iOSChallange */ = {
			isa = PBXNativeTarget;
			buildConfigurationList = 182D97D42240651800A8CC8C /* Build configuration list for PBXNativeTarget "iOSChallange" */;
			buildPhases = (
				182D97BC2240651500A8CC8C /* Sources */,
				182D97BD2240651500A8CC8C /* Frameworks */,
				182D97BE2240651500A8CC8C /* Resources */,
			);
			buildRules = (
			);
			dependencies = (
			);
			name = iOSChallange;
			productName = iOSChallange;
			productReference = 182D97C02240651500A8CC8C /* iOSChallange.app */;
			productType = "com.apple.product-type.application";
		};
/* End PBXNativeTarget section */

/* Begin PBXProject section */
		182D97B82240651500A8CC8C /* Project object */ = {
			isa = PBXProject;
			attributes = {
				LastSwiftUpdateCheck = 1010;
				LastUpgradeCheck = 1010;
				ORGANIZATIONNAME = "VishnuKant Aggarwal";
				TargetAttributes = {
					182D97BF2240651500A8CC8C = {
						CreatedOnToolsVersion = 10.1;
					};
				};
			};
			buildConfigurationList = 182D97BB2240651500A8CC8C /* Build configuration list for PBXProject "iOSChallange" */;
			compatibilityVersion = "Xcode 9.3";
			developmentRegion = en;
			hasScannedForEncodings = 0;
			knownRegions = (
				en,
				Base,
			);
			mainGroup = 182D97B72240651500A8CC8C;
			productRefGroup = 182D97C12240651500A8CC8C /* Products */;
			projectDirPath = "";
			projectRoot = "";
			targets = (
				182D97BF2240651500A8CC8C /* iOSChallange */,
			);
		};
/* End PBXProject section */

/* Begin PBXResourcesBuildPhase section */
		182D97BE2240651500A8CC8C /* Resources */ = {
			isa = PBXResourcesBuildPhase;
			buildActionMask = 2147483647;
			files = (
				18CB62A72247DF58009EB01E /* SS_Icon.png in Resources */,
				182D97D02240651800A8CC8C /* LaunchScreen.storyboard in Resources */,
				182D97CD2240651800A8CC8C /* Assets.xcassets in Resources */,
				18CB631E224A8808009EB01E /* ShowDetailTableViewCell.xib in Resources */,
				18CB6320224A95C1009EB01E /* ReadMe.rtf in Resources */,
				182D97CB2240651600A8CC8C /* Main.storyboard in Resources */,
			);
			runOnlyForDeploymentPostprocessing = 0;
		};
/* End PBXResourcesBuildPhase section */

/* Begin PBXSourcesBuildPhase section */
		182D97BC2240651500A8CC8C /* Sources */ = {
			isa = PBXSourcesBuildPhase;
			buildActionMask = 2147483647;
			files = (
				18CB631D224A8808009EB01E /* ShowDetailTableViewCell.swift in Sources */,
				18CB62E422494896009EB01E /* ShowListObject.swift in Sources */,
				18CB62EA224978C1009EB01E /* ViewController+Extension.swift in Sources */,
				182D97C82240651600A8CC8C /* FavouriteShowsListViewController.swift in Sources */,
				18CB62CD22480C9A009EB01E /* iOSChallange.xcdatamodeld in Sources */,
				18CB6316224A77F6009EB01E /* DataOperationsFromLocalDB.swift in Sources */,
				182D97C42240651600A8CC8C /* AppDelegate.swift in Sources */,
				18CB62A522468463009EB01E /* ShowsDataModelMap.swift in Sources */,
				183100DD2241A50C00C714FE /* NetworkService.swift in Sources */,
				18CB62A92247E40A009EB01E /* ShowDetailsViewController.swift in Sources */,
				18CB62E222493490009EB01E /* CoreDataManager.swift in Sources */,
				18F270F0224C1B0400EDB197 /* UiImageView+ImageCaching.swift in Sources */,
				18CB630E2249C5B7009EB01E /* AppConstants.swift in Sources */,
				182D97C62240651600A8CC8C /* ShowsListViewController.swift in Sources */,
			);
			runOnlyForDeploymentPostprocessing = 0;
		};
/* End PBXSourcesBuildPhase section */

/* Begin PBXVariantGroup section */
		182D97C92240651600A8CC8C /* Main.storyboard */ = {
			isa = PBXVariantGroup;
			children = (
				182D97CA2240651600A8CC8C /* Base */,
			);
			name = Main.storyboard;
			sourceTree = "<group>";
		};
		182D97CE2240651800A8CC8C /* LaunchScreen.storyboard */ = {
			isa = PBXVariantGroup;
			children = (
				182D97CF2240651800A8CC8C /* Base */,
			);
			name = LaunchScreen.storyboard;
			sourceTree = "<group>";
		};
/* End PBXVariantGroup section */

/* Begin XCBuildConfiguration section */
		182D97D22240651800A8CC8C /* Debug */ = {
			isa = XCBuildConfiguration;
			buildSettings = {
				ALWAYS_SEARCH_USER_PATHS = NO;
				CLANG_ANALYZER_NONNULL = YES;
				CLANG_ANALYZER_NUMBER_OBJECT_CONVERSION = YES_AGGRESSIVE;
				CLANG_CXX_LANGUAGE_STANDARD = "gnu++14";
				CLANG_CXX_LIBRARY = "libc++";
				CLANG_ENABLE_MODULES = YES;
				CLANG_ENABLE_OBJC_ARC = YES;
				CLANG_ENABLE_OBJC_WEAK = YES;
				CLANG_WARN_BLOCK_CAPTURE_AUTORELEASING = YES;
				CLANG_WARN_BOOL_CONVERSION = YES;
				CLANG_WARN_COMMA = YES;
				CLANG_WARN_CONSTANT_CONVERSION = YES;
				CLANG_WARN_DEPRECATED_OBJC_IMPLEMENTATIONS = YES;
				CLANG_WARN_DIRECT_OBJC_ISA_USAGE = YES_ERROR;
				CLANG_WARN_DOCUMENTATION_COMMENTS = YES;
				CLANG_WARN_EMPTY_BODY = YES;
				CLANG_WARN_ENUM_CONVERSION = YES;
				CLANG_WARN_INFINITE_RECURSION = YES;
				CLANG_WARN_INT_CONVERSION = YES;
				CLANG_WARN_NON_LITERAL_NULL_CONVERSION = YES;
				CLANG_WARN_OBJC_IMPLICIT_RETAIN_SELF = YES;
				CLANG_WARN_OBJC_LITERAL_CONVERSION = YES;
				CLANG_WARN_OBJC_ROOT_CLASS = YES_ERROR;
				CLANG_WARN_RANGE_LOOP_ANALYSIS = YES;
				CLANG_WARN_STRICT_PROTOTYPES = YES;
				CLANG_WARN_SUSPICIOUS_MOVE = YES;
				CLANG_WARN_UNGUARDED_AVAILABILITY = YES_AGGRESSIVE;
				CLANG_WARN_UNREACHABLE_CODE = YES;
				CLANG_WARN__DUPLICATE_METHOD_MATCH = YES;
				CODE_SIGN_IDENTITY = "iPhone Developer";
				COPY_PHASE_STRIP = NO;
				DEBUG_INFORMATION_FORMAT = dwarf;
				ENABLE_STRICT_OBJC_MSGSEND = YES;
				ENABLE_TESTABILITY = YES;
				GCC_C_LANGUAGE_STANDARD = gnu11;
				GCC_DYNAMIC_NO_PIC = NO;
				GCC_NO_COMMON_BLOCKS = YES;
				GCC_OPTIMIZATION_LEVEL = 0;
				GCC_PREPROCESSOR_DEFINITIONS = (
					"DEBUG=1",
					"$(inherited)",
				);
				GCC_WARN_64_TO_32_BIT_CONVERSION = YES;
				GCC_WARN_ABOUT_RETURN_TYPE = YES_ERROR;
				GCC_WARN_UNDECLARED_SELECTOR = YES;
				GCC_WARN_UNINITIALIZED_AUTOS = YES_AGGRESSIVE;
				GCC_WARN_UNUSED_FUNCTION = YES;
				GCC_WARN_UNUSED_VARIABLE = YES;
				IPHONEOS_DEPLOYMENT_TARGET = 12.1;
				MTL_ENABLE_DEBUG_INFO = INCLUDE_SOURCE;
				MTL_FAST_MATH = YES;
				ONLY_ACTIVE_ARCH = YES;
				SDKROOT = iphoneos;
				SWIFT_ACTIVE_COMPILATION_CONDITIONS = DEBUG;
				SWIFT_OPTIMIZATION_LEVEL = "-Onone";
			};
			name = Debug;
		};
		182D97D32240651800A8CC8C /* Release */ = {
			isa = XCBuildConfiguration;
			buildSettings = {
				ALWAYS_SEARCH_USER_PATHS = NO;
				CLANG_ANALYZER_NONNULL = YES;
				CLANG_ANALYZER_NUMBER_OBJECT_CONVERSION = YES_AGGRESSIVE;
				CLANG_CXX_LANGUAGE_STANDARD = "gnu++14";
				CLANG_CXX_LIBRARY = "libc++";
				CLANG_ENABLE_MODULES = YES;
				CLANG_ENABLE_OBJC_ARC = YES;
				CLANG_ENABLE_OBJC_WEAK = YES;
				CLANG_WARN_BLOCK_CAPTURE_AUTORELEASING = YES;
				CLANG_WARN_BOOL_CONVERSION = YES;
				CLANG_WARN_COMMA = YES;
				CLANG_WARN_CONSTANT_CONVERSION = YES;
				CLANG_WARN_DEPRECATED_OBJC_IMPLEMENTATIONS = YES;
				CLANG_WARN_DIRECT_OBJC_ISA_USAGE = YES_ERROR;
				CLANG_WARN_DOCUMENTATION_COMMENTS = YES;
				CLANG_WARN_EMPTY_BODY = YES;
				CLANG_WARN_ENUM_CONVERSION = YES;
				CLANG_WARN_INFINITE_RECURSION = YES;
				CLANG_WARN_INT_CONVERSION = YES;
				CLANG_WARN_NON_LITERAL_NULL_CONVERSION = YES;
				CLANG_WARN_OBJC_IMPLICIT_RETAIN_SELF = YES;
				CLANG_WARN_OBJC_LITERAL_CONVERSION = YES;
				CLANG_WARN_OBJC_ROOT_CLASS = YES_ERROR;
				CLANG_WARN_RANGE_LOOP_ANALYSIS = YES;
				CLANG_WARN_STRICT_PROTOTYPES = YES;
				CLANG_WARN_SUSPICIOUS_MOVE = YES;
				CLANG_WARN_UNGUARDED_AVAILABILITY = YES_AGGRESSIVE;
				CLANG_WARN_UNREACHABLE_CODE = YES;
				CLANG_WARN__DUPLICATE_METHOD_MATCH = YES;
				CODE_SIGN_IDENTITY = "iPhone Developer";
				COPY_PHASE_STRIP = NO;
				DEBUG_INFORMATION_FORMAT = "dwarf-with-dsym";
				ENABLE_NS_ASSERTIONS = NO;
				ENABLE_STRICT_OBJC_MSGSEND = YES;
				GCC_C_LANGUAGE_STANDARD = gnu11;
				GCC_NO_COMMON_BLOCKS = YES;
				GCC_WARN_64_TO_32_BIT_CONVERSION = YES;
				GCC_WARN_ABOUT_RETURN_TYPE = YES_ERROR;
				GCC_WARN_UNDECLARED_SELECTOR = YES;
				GCC_WARN_UNINITIALIZED_AUTOS = YES_AGGRESSIVE;
				GCC_WARN_UNUSED_FUNCTION = YES;
				GCC_WARN_UNUSED_VARIABLE = YES;
				IPHONEOS_DEPLOYMENT_TARGET = 12.1;
				MTL_ENABLE_DEBUG_INFO = NO;
				MTL_FAST_MATH = YES;
				SDKROOT = iphoneos;
				SWIFT_COMPILATION_MODE = wholemodule;
				SWIFT_OPTIMIZATION_LEVEL = "-O";
				VALIDATE_PRODUCT = YES;
			};
			name = Release;
		};
		182D97D52240651800A8CC8C /* Debug */ = {
			isa = XCBuildConfiguration;
			buildSettings = {
				ASSETCATALOG_COMPILER_APPICON_NAME = AppIcon;
				CODE_SIGN_STYLE = Automatic;
				INFOPLIST_FILE = iOSChallange/Info.plist;
				LD_RUNPATH_SEARCH_PATHS = (
					"$(inherited)",
					"@executable_path/Frameworks",
				);
				PRODUCT_BUNDLE_IDENTIFIER = Test.iOSChallange;
				PRODUCT_NAME = "$(TARGET_NAME)";
				SWIFT_VERSION = 4.2;
				TARGETED_DEVICE_FAMILY = "1,2";
			};
			name = Debug;
		};
		182D97D62240651800A8CC8C /* Release */ = {
			isa = XCBuildConfiguration;
			buildSettings = {
				ASSETCATALOG_COMPILER_APPICON_NAME = AppIcon;
				CODE_SIGN_STYLE = Automatic;
				INFOPLIST_FILE = iOSChallange/Info.plist;
				LD_RUNPATH_SEARCH_PATHS = (
					"$(inherited)",
					"@executable_path/Frameworks",
				);
				PRODUCT_BUNDLE_IDENTIFIER = Test.iOSChallange;
				PRODUCT_NAME = "$(TARGET_NAME)";
				SWIFT_VERSION = 4.2;
				TARGETED_DEVICE_FAMILY = "1,2";
			};
			name = Release;
		};
/* End XCBuildConfiguration section */

/* Begin XCConfigurationList section */
		182D97BB2240651500A8CC8C /* Build configuration list for PBXProject "iOSChallange" */ = {
			isa = XCConfigurationList;
			buildConfigurations = (
				182D97D22240651800A8CC8C /* Debug */,
				182D97D32240651800A8CC8C /* Release */,
			);
			defaultConfigurationIsVisible = 0;
			defaultConfigurationName = Release;
		};
		182D97D42240651800A8CC8C /* Build configuration list for PBXNativeTarget "iOSChallange" */ = {
			isa = XCConfigurationList;
			buildConfigurations = (
				182D97D52240651800A8CC8C /* Debug */,
				182D97D62240651800A8CC8C /* Release */,
			);
			defaultConfigurationIsVisible = 0;
			defaultConfigurationName = Release;
		};
/* End XCConfigurationList section */

/* Begin XCVersionGroup section */
		18CB62CB22480C9A009EB01E /* iOSChallange.xcdatamodeld */ = {
			isa = XCVersionGroup;
			children = (
				18CB62CC22480C9A009EB01E /* iOSChallange.xcdatamodel */,
			);
			currentVersion = 18CB62CC22480C9A009EB01E /* iOSChallange.xcdatamodel */;
			path = iOSChallange.xcdatamodeld;
			sourceTree = "<group>";
			versionGroupType = wrapper.xcdatamodel;
		};
/* End XCVersionGroup section */
	};
	rootObject = 182D97B82240651500A8CC8C /* Project object */;
}
